
Microsoft Visual Studio Solution File, Format Version 12.00
# Visual Studio Version 17
VisualStudioVersion = 17.14.36221.1 d17.14
MinimumVisualStudioVersion = 10.0.40219.1
Project("{FAE04EC0-301F-11D3-BF4B-00C04F79EFBC}") = "attaquant1", "attaquant1\attaquant1.csproj", "{D3FF309A-3CEF-4A50-9883-50AED7631127}"
EndProject
Global
	GlobalSection(SolutionConfigurationPlatforms) = preSolution
		Debug|Any CPU = Debug|Any CPU
		Release|Any CPU = Release|Any CPU
	EndGlobalSection
	GlobalSection(ProjectConfigurationPlatforms) = postSolution
		{D3FF309A-3CEF-4A50-9883-50AED7631127}.Debug|Any CPU.ActiveCfg = Debug|Any CPU
		{D3FF309A-3CEF-4A50-9883-50AED7631127}.Debug|Any CPU.Build.0 = Debug|Any CPU
		{D3FF309A-3CEF-4A50-9883-50AED7631127}.Release|Any CPU.ActiveCfg = Release|Any CPU
		{D3FF309A-3CEF-4A50-9883-50AED7631127}.Release|Any CPU.Build.0 = Release|Any CPU
	EndGlobalSection
	GlobalSection(SolutionProperties) = preSolution
		HideSolutionNode = FALSE
	EndGlobalSection
	GlobalSection(ExtensibilityGlobals) = postSolution
		SolutionGuid = {1614A661-4F6A-400A-9250-5F6DD873B033}
	EndGlobalSection
EndGlobal
